PODS:
  - ObjectMapper (3.4.1)
  - Realm (3.12.0):
    - Realm/Headers (= 3.12.0)
  - Realm/Headers (3.12.0)
  - RealmSwift (3.12.0):
    - Realm (= 3.12.0)

DEPENDENCIES:
  - ObjectMapper (~> 3.4)
  - RealmSwift

SPEC REPOS:
  https://github.com/CocoaPods/Specs.git:
    - ObjectMapper
    - Realm
    - RealmSwift

SPEC CHECKSUMS:
  ObjectMapper: 5311bd50ca732930959e7ca1a2de43ab823a5ced
  Realm: cdaef23c4ddb36ab1ddffed23f5a7f3332fc5585
  RealmSwift: 5576324033f0aa5ef1e0a839a3da2281dff47a7f

PODFILE CHECKSUM: 76d3a417bfe3cb2ac047397d3c4bc99d20d0cfb2

COCOAPODS: 1.5.0
